
Microsoft Visual Studio Solution File, Format Version 12.00
# Visual Studio Version 17
VisualStudioVersion = 17.5.33530.505
MinimumVisualStudioVersion = 10.0.40219.1
Project("{FAE04EC0-301F-11D3-BF4B-00C04F79EFBC}") = "EvidencePojisteniPlnaVerze", "EvidencePojisteniPlnaVerze\EvidencePojisteniPlnaVerze.csproj", "{77F5114D-0470-445A-86EF-A07A4245927F}"
EndProject
Global
	GlobalSection(SolutionConfigurationPlatforms) = preSolution
		Debug|Any CPU = Debug|Any CPU
		Release|Any CPU = Release|Any CPU
	EndGlobalSection
	GlobalSection(ProjectConfigurationPlatforms) = postSolution
		{77F5114D-0470-445A-86EF-A07A4245927F}.Debug|Any CPU.ActiveCfg = Debug|Any CPU
		{77F5114D-0470-445A-86EF-A07A4245927F}.Debug|Any CPU.Build.0 = Debug|Any CPU
		{77F5114D-0470-445A-86EF-A07A4245927F}.Release|Any CPU.ActiveCfg = Release|Any CPU
		{77F5114D-0470-445A-86EF-A07A4245927F}.Release|Any CPU.Build.0 = Release|Any CPU
	EndGlobalSection
	GlobalSection(SolutionProperties) = preSolution
		HideSolutionNode = FALSE
	EndGlobalSection
	GlobalSection(ExtensibilityGlobals) = postSolution
		SolutionGuid = {32B2D705-2D42-474F-BD0A-C3F77F80CA43}
	EndGlobalSection
EndGlobal
